
Microsoft Visual Studio Solution File, Format Version 12.00
# Visual Studio Version 16
VisualStudioVersion = 16.0.29728.190
MinimumVisualStudioVersion = 10.0.40219.1
Project("{FAE04EC0-301F-11D3-BF4B-00C04F79EFBC}") = "WS-Factura", "WS-Factura\WS-Factura.csproj", "{5CFCCCD8-B260-44CF-AE2E-132AF23AEFF3}"
EndProject
Global
	GlobalSection(SolutionConfigurationPlatforms) = preSolution
		Debug|Any CPU = Debug|Any CPU
		Release|Any CPU = Release|Any CPU
	EndGlobalSection
	GlobalSection(ProjectConfigurationPlatforms) = postSolution
		{5CFCCCD8-B260-44CF-AE2E-132AF23AEFF3}.Debug|Any CPU.ActiveCfg = Debug|Any CPU
		{5CFCCCD8-B260-44CF-AE2E-132AF23AEFF3}.Debug|Any CPU.Build.0 = Debug|Any CPU
		{5CFCCCD8-B260-44CF-AE2E-132AF23AEFF3}.Release|Any CPU.ActiveCfg = Release|Any CPU
		{5CFCCCD8-B260-44CF-AE2E-132AF23AEFF3}.Release|Any CPU.Build.0 = Release|Any CPU
	EndGlobalSection
	GlobalSection(SolutionProperties) = preSolution
		HideSolutionNode = FALSE
	EndGlobalSection
	GlobalSection(ExtensibilityGlobals) = postSolution
		SolutionGuid = {4A2FB062-1F96-4B9F-9B28-26A88C8DACA3}
	EndGlobalSection
EndGlobal
